
Microsoft Visual Studio Solution File, Format Version 12.00
# Visual Studio Version 16
VisualStudioVersion = 16.0.29306.81
MinimumVisualStudioVersion = 10.0.40219.1
Project("{FAE04EC0-301F-11D3-BF4B-00C04F79EFBC}") = "BookYoPlanes.Android", "BookYoPlanes\BookYoPlanes.Android\BookYoPlanes.Android.csproj", "{A63C706B-29EC-455B-8CB7-B2A5D89C3E63}"
EndProject
Project("{FAE04EC0-301F-11D3-BF4B-00C04F79EFBC}") = "BookYoPlanes.iOS", "BookYoPlanes\BookYoPlanes.iOS\BookYoPlanes.iOS.csproj", "{931A577E-2B35-4231-861F-42B60D63A846}"
EndProject
Project("{FAE04EC0-301F-11D3-BF4B-00C04F79EFBC}") = "BookYoPlanes", "BookYoPlanes\BookYoPlanes\BookYoPlanes.csproj", "{35AA9A03-B440-46B2-8FE7-FB9292575261}"
EndProject
Global
	GlobalSection(SolutionConfigurationPlatforms) = preSolution
		Debug|Any CPU = Debug|Any CPU
		Debug|iPhone = Debug|iPhone
		Debug|iPhoneSimulator = Debug|iPhoneSimulator
		Release|Any CPU = Release|Any CPU
		Release|iPhone = Release|iPhone
		Release|iPhoneSimulator = Release|iPhoneSimulator
	EndGlobalSection
	GlobalSection(ProjectConfigurationPlatforms) = postSolution
		{A63C706B-29EC-455B-8CB7-B2A5D89C3E63}.Debug|Any CPU.ActiveCfg = Debug|Any CPU
		{A63C706B-29EC-455B-8CB7-B2A5D89C3E63}.Debug|Any CPU.Build.0 = Debug|Any CPU
		{A63C706B-29EC-455B-8CB7-B2A5D89C3E63}.Debug|Any CPU.Deploy.0 = Debug|Any CPU
		{A63C706B-29EC-455B-8CB7-B2A5D89C3E63}.Debug|iPhone.ActiveCfg = Debug|Any CPU
		{A63C706B-29EC-455B-8CB7-B2A5D89C3E63}.Debug|iPhone.Build.0 = Debug|Any CPU
		{A63C706B-29EC-455B-8CB7-B2A5D89C3E63}.Debug|iPhone.Deploy.0 = Debug|Any CPU
		{A63C706B-29EC-455B-8CB7-B2A5D89C3E63}.Debug|iPhoneSimulator.ActiveCfg = Debug|Any CPU
		{A63C706B-29EC-455B-8CB7-B2A5D89C3E63}.Debug|iPhoneSimulator.Build.0 = Debug|Any CPU
		{A63C706B-29EC-455B-8CB7-B2A5D89C3E63}.Debug|iPhoneSimulator.Deploy.0 = Debug|Any CPU
		{A63C706B-29EC-455B-8CB7-B2A5D89C3E63}.Release|Any CPU.ActiveCfg = Release|Any CPU
		{A63C706B-29EC-455B-8CB7-B2A5D89C3E63}.Release|Any CPU.Build.0 = Release|Any CPU
		{A63C706B-29EC-455B-8CB7-B2A5D89C3E63}.Release|Any CPU.Deploy.0 = Release|Any CPU
		{A63C706B-29EC-455B-8CB7-B2A5D89C3E63}.Release|iPhone.ActiveCfg = Release|Any CPU
		{A63C706B-29EC-455B-8CB7-B2A5D89C3E63}.Release|iPhone.Build.0 = Release|Any CPU
		{A63C706B-29EC-455B-8CB7-B2A5D89C3E63}.Release|iPhone.Deploy.0 = Release|Any CPU
		{A63C706B-29EC-455B-8CB7-B2A5D89C3E63}.Release|iPhoneSimulator.ActiveCfg = Release|Any CPU
		{A63C706B-29EC-455B-8CB7-B2A5D89C3E63}.Release|iPhoneSimulator.Build.0 = Release|Any CPU
		{A63C706B-29EC-455B-8CB7-B2A5D89C3E63}.Release|iPhoneSimulator.Deploy.0 = Release|Any CPU
		{931A577E-2B35-4231-861F-42B60D63A846}.Debug|Any CPU.ActiveCfg = Debug|iPhoneSimulator
		{931A577E-2B35-4231-861F-42B60D63A846}.Debug|Any CPU.Build.0 = Debug|iPhoneSimulator
		{931A577E-2B35-4231-861F-42B60D63A846}.Debug|Any CPU.Deploy.0 = Debug|iPhoneSimulator
		{931A577E-2B35-4231-861F-42B60D63A846}.Debug|iPhone.ActiveCfg = Debug|iPhone
		{931A577E-2B35-4231-861F-42B60D63A846}.Debug|iPhone.Build.0 = Debug|iPhone
		{931A577E-2B35-4231-861F-42B60D63A846}.Debug|iPhone.Deploy.0 = Debug|iPhone
		{931A577E-2B35-4231-861F-42B60D63A846}.Debug|iPhoneSimulator.ActiveCfg = Debug|iPhoneSimulator
		{931A577E-2B35-4231-861F-42B60D63A846}.Debug|iPhoneSimulator.Build.0 = Debug|iPhoneSimulator
		{931A577E-2B35-4231-861F-42B60D63A846}.Debug|iPhoneSimulator.Deploy.0 = Debug|iPhoneSimulator
		{931A577E-2B35-4231-861F-42B60D63A846}.Release|Any CPU.ActiveCfg = Release|iPhone
		{931A577E-2B35-4231-861F-42B60D63A846}.Release|Any CPU.Build.0 = Release|iPhone
		{931A577E-2B35-4231-861F-42B60D63A846}.Release|Any CPU.Deploy.0 = Release|iPhone
		{931A577E-2B35-4231-861F-42B60D63A846}.Release|iPhone.ActiveCfg = Release|iPhone
		{931A577E-2B35-4231-861F-42B60D63A846}.Release|iPhone.Build.0 = Release|iPhone
		{931A577E-2B35-4231-861F-42B60D63A846}.Release|iPhone.Deploy.0 = Release|iPhone
		{931A577E-2B35-4231-861F-42B60D63A846}.Release|iPhoneSimulator.ActiveCfg = Release|iPhoneSimulator
		{931A577E-2B35-4231-861F-42B60D63A846}.Release|iPhoneSimulator.Build.0 = Release|iPhoneSimulator
		{931A577E-2B35-4231-861F-42B60D63A846}.Release|iPhoneSimulator.Deploy.0 = Release|iPhoneSimulator
		{35AA9A03-B440-46B2-8FE7-FB9292575261}.Debug|Any CPU.ActiveCfg = Debug|Any CPU
		{35AA9A03-B440-46B2-8FE7-FB9292575261}.Debug|Any CPU.Build.0 = Debug|Any CPU
		{35AA9A03-B440-46B2-8FE7-FB9292575261}.Debug|Any CPU.Deploy.0 = Debug|Any CPU
		{35AA9A03-B440-46B2-8FE7-FB9292575261}.Debug|iPhone.ActiveCfg = Debug|Any CPU
		{35AA9A03-B440-46B2-8FE7-FB9292575261}.Debug|iPhone.Build.0 = Debug|Any CPU
		{35AA9A03-B440-46B2-8FE7-FB9292575261}.Debug|iPhone.Deploy.0 = Debug|Any CPU
		{35AA9A03-B440-46B2-8FE7-FB9292575261}.Debug|iPhoneSimulator.ActiveCfg = Debug|Any CPU
		{35AA9A03-B440-46B2-8FE7-FB9292575261}.Debug|iPhoneSimulator.Build.0 = Debug|Any CPU
		{35AA9A03-B440-46B2-8FE7-FB9292575261}.Debug|iPhoneSimulator.Deploy.0 = Debug|Any CPU
		{35AA9A03-B440-46B2-8FE7-FB9292575261}.Release|Any CPU.ActiveCfg = Release|Any CPU
		{35AA9A03-B440-46B2-8FE7-FB9292575261}.Release|Any CPU.Build.0 = Release|Any CPU
		{35AA9A03-B440-46B2-8FE7-FB9292575261}.Release|Any CPU.Deploy.0 = Release|Any CPU
		{35AA9A03-B440-46B2-8FE7-FB9292575261}.Release|iPhone.ActiveCfg = Release|Any CPU
		{35AA9A03-B440-46B2-8FE7-FB9292575261}.Release|iPhone.Build.0 = Release|Any CPU
		{35AA9A03-B440-46B2-8FE7-FB9292575261}.Release|iPhone.Deploy.0 = Release|Any CPU
		{35AA9A03-B440-46B2-8FE7-FB9292575261}.Release|iPhoneSimulator.ActiveCfg = Release|Any CPU
		{35AA9A03-B440-46B2-8FE7-FB9292575261}.Release|iPhoneSimulator.Build.0 = Release|Any CPU
		{35AA9A03-B440-46B2-8FE7-FB9292575261}.Release|iPhoneSimulator.Deploy.0 = Release|Any CPU
	EndGlobalSection
	GlobalSection(SolutionProperties) = preSolution
		HideSolutionNode = FALSE
	EndGlobalSection
	GlobalSection(ExtensibilityGlobals) = postSolution
		SolutionGuid = {05401FF2-0529-44D9-9BC9-9349C6232A95}
	EndGlobalSection
EndGlobal
